
Microsoft Visual Studio Solution File, Format Version 12.00
# Visual Studio Version 16
VisualStudioVersion = 16.0.31729.503
MinimumVisualStudioVersion = 10.0.40219.1
Project("{FAE04EC0-301F-11D3-BF4B-00C04F79EFBC}") = "thema3", "thema3\thema3.csproj", "{14EC03A9-C721-4320-9A77-866C55503917}"
EndProject
Global
	GlobalSection(SolutionConfigurationPlatforms) = preSolution
		Debug|Any CPU = Debug|Any CPU
		Release|Any CPU = Release|Any CPU
	EndGlobalSection
	GlobalSection(ProjectConfigurationPlatforms) = postSolution
		{14EC03A9-C721-4320-9A77-866C55503917}.Debug|Any CPU.ActiveCfg = Debug|Any CPU
		{14EC03A9-C721-4320-9A77-866C55503917}.Debug|Any CPU.Build.0 = Debug|Any CPU
		{14EC03A9-C721-4320-9A77-866C55503917}.Release|Any CPU.ActiveCfg = Release|Any CPU
		{14EC03A9-C721-4320-9A77-866C55503917}.Release|Any CPU.Build.0 = Release|Any CPU
	EndGlobalSection
	GlobalSection(SolutionProperties) = preSolution
		HideSolutionNode = FALSE
	EndGlobalSection
	GlobalSection(ExtensibilityGlobals) = postSolution
		SolutionGuid = {090FF6C6-0955-4D62-B18B-D55048BC8B36}
	EndGlobalSection
EndGlobal
